// !$*UTF8*$!
{
	archiveVersion = 1;
	classes = {
	};
	objectVersion = 55;
	objects = {

/* Begin PBXBuildFile section */
		B758BA97311F9DB3AF88FB93 /* Pods_NAVE4.framework in Frameworks */ = {isa = PBXBuildFile; fileRef = A8FCF1AE17CE4151B232E8BF /* Pods_NAVE4.framework */; };
		EA7C92FF281A26E700D931DA /* AppDelegate.swift in Sources */ = {isa = PBXBuildFile; fileRef = EA7C92FE281A26E700D931DA /* AppDelegate.swift */; };
		EA7C9301281A26E700D931DA /* SceneDelegate.swift in Sources */ = {isa = PBXBuildFile; fileRef = EA7C9300281A26E700D931DA /* SceneDelegate.swift */; };
		EA7C9303281A26E700D931DA /* LoginViewController.swift in Sources */ = {isa = PBXBuildFile; fileRef = EA7C9302281A26E700D931DA /* LoginViewController.swift */; };
		EA7C9306281A26E700D931DA /* Main.storyboard in Resources */ = {isa = PBXBuildFile; fileRef = EA7C9304281A26E700D931DA /* Main.storyboard */; };
		EA7C9308281A26E900D931DA /* Assets.xcassets in Resources */ = {isa = PBXBuildFile; fileRef = EA7C9307281A26E900D931DA /* Assets.xcassets */; };
		EA7C930B281A26E900D931DA /* LaunchScreen.storyboard in Resources */ = {isa = PBXBuildFile; fileRef = EA7C9309281A26E900D931DA /* LaunchScreen.storyboard */; };
		EA7C9313281A2FB100D931DA /* GoogleService-Info.plist in Resources */ = {isa = PBXBuildFile; fileRef = EA7C9312281A2FB000D931DA /* GoogleService-Info.plist */; };
		EA7C9315281A3ED500D931DA /* AboutViewController.swift in Sources */ = {isa = PBXBuildFile; fileRef = EA7C9314281A3ED500D931DA /* AboutViewController.swift */; };
		EA7C9317281A445600D931DA /* MainViewController.swift in Sources */ = {isa = PBXBuildFile; fileRef = EA7C9316281A445600D931DA /* MainViewController.swift */; };
		EA7C9319281A48BA00D931DA /* WineViewController.swift in Sources */ = {isa = PBXBuildFile; fileRef = EA7C9318281A48BA00D931DA /* WineViewController.swift */; };
		EA7C931B281A499900D931DA /* BeerViewController.swift in Sources */ = {isa = PBXBuildFile; fileRef = EA7C931A281A499900D931DA /* BeerViewController.swift */; };
		EA7C931D281A4D6F00D931DA /* MixedDrinkViewController.swift in Sources */ = {isa = PBXBuildFile; fileRef = EA7C931C281A4D6F00D931DA /* MixedDrinkViewController.swift */; };
		EA7C931F281B0B1700D931DA /* BreweryViewController.swift in Sources */ = {isa = PBXBuildFile; fileRef = EA7C931E281B0B1700D931DA /* BreweryViewController.swift */; };
		EA7C9321281B0F5F00D931DA /* Breweries.swift in Sources */ = {isa = PBXBuildFile; fileRef = EA7C9320281B0F5E00D931DA /* Breweries.swift */; };
		EA7C9323281B0F9B00D931DA /* Brewery.swift in Sources */ = {isa = PBXBuildFile; fileRef = EA7C9322281B0F9B00D931DA /* Brewery.swift */; };
		EA7C9325281B4E9E00D931DA /* StateBrewery.swift in Sources */ = {isa = PBXBuildFile; fileRef = EA7C9324281B4E9E00D931DA /* StateBrewery.swift */; };
		EA7C9327281B62CD00D931DA /* BreweryDetailViewController.swift in Sources */ = {isa = PBXBuildFile; fileRef = EA7C9326281B62CD00D931DA /* BreweryDetailViewController.swift */; };
		EA7C932B281B9D0E00D931DA /* SampleBeerViewController.swift in Sources */ = {isa = PBXBuildFile; fileRef = EA7C932A281B9D0E00D931DA /* SampleBeerViewController.swift */; };
		EA7C932D281B9EFB00D931DA /* SampleBeers.swift in Sources */ = {isa = PBXBuildFile; fileRef = EA7C932C281B9EFB00D931DA /* SampleBeers.swift */; };
		EA7C932F281B9F6000D931DA /* samplebeersStruct.swift in Sources */ = {isa = PBXBuildFile; fileRef = EA7C932E281B9F6000D931DA /* samplebeersStruct.swift */; };
		EA7C9337281C426400D931DA /* DetailSampleBeerViewController.swift in Sources */ = {isa = PBXBuildFile; fileRef = EA7C9336281C426300D931DA /* DetailSampleBeerViewController.swift */; };
		EA7C933B281C6CA200D931DA /* BeerReviewViewController.swift in Sources */ = {isa = PBXBuildFile; fileRef = EA7C933A281C6CA200D931DA /* BeerReviewViewController.swift */; };
		EAC49332281F6F3C00C6C179 /* BreweryDetailTableViewController.swift in Sources */ = {isa = PBXBuildFile; fileRef = EAC49331281F6F3C00C6C179 /* BreweryDetailTableViewController.swift */; };
		EAC49334281F704300C6C179 /* Team.swift in Sources */ = {isa = PBXBuildFile; fileRef = EAC49333281F704200C6C179 /* Team.swift */; };
		EAC49336281F7BAB00C6C179 /* Teams.swift in Sources */ = {isa = PBXBuildFile; fileRef = EAC49335281F7BAB00C6C179 /* Teams.swift */; };
		EAC49338281F9AA800C6C179 /* VenueListViewController.swift in Sources */ = {isa = PBXBuildFile; fileRef = EAC49337281F9AA800C6C179 /* VenueListViewController.swift */; };
		EAC4933A281F9DD000C6C179 /* VenueDetailTableViewController.swift in Sources */ = {isa = PBXBuildFile; fileRef = EAC49339281F9DD000C6C179 /* VenueDetailTableViewController.swift */; };
		EAC4933C281FA16000C6C179 /* Venue.swift in Sources */ = {isa = PBXBuildFile; fileRef = EAC4933B281FA16000C6C179 /* Venue.swift */; };
		EAC4933E281FA82E00C6C179 /* Venues.swift in Sources */ = {isa = PBXBuildFile; fileRef = EAC4933D281FA82E00C6C179 /* Venues.swift */; };
/* End PBXBuildFile section */

/* Begin PBXFileReference section */
		3BC9A99D2BAE815CDB3B80CC /* Pods-NAVE4.debug.xcconfig */ = {isa = PBXFileReference; includeInIndex = 1; lastKnownFileType = text.xcconfig; name = "Pods-NAVE4.debug.xcconfig"; path = "Target Support Files/Pods-NAVE4/Pods-NAVE4.debug.xcconfig"; sourceTree = "<group>"; };
		A8FCF1AE17CE4151B232E8BF /* Pods_NAVE4.framework */ = {isa = PBXFileReference; explicitFileType = wrapper.framework; includeInIndex = 0; path = Pods_NAVE4.framework; sourceTree = BUILT_PRODUCTS_DIR; };
		B14F7D0D3DFDF80AE410EA44 /* Pods-NAVE4.release.xcconfig */ = {isa = PBXFileReference; includeInIndex = 1; lastKnownFileType = text.xcconfig; name = "Pods-NAVE4.release.xcconfig"; path = "Target Support Files/Pods-NAVE4/Pods-NAVE4.release.xcconfig"; sourceTree = "<group>"; };
		EA7C92FB281A26E700D931DA /* NAVE4.app */ = {isa = PBXFileReference; explicitFileType = wrapper.application; includeInIndex = 0; path = NAVE4.app; sourceTree = BUILT_PRODUCTS_DIR; };
		EA7C92FE281A26E700D931DA /* AppDelegate.swift */ = {isa = PBXFileReference; lastKnownFileType = sourcecode.swift; path = AppDelegate.swift; sourceTree = "<group>"; };
		EA7C9300281A26E700D931DA /* SceneDelegate.swift */ = {isa = PBXFileReference; lastKnownFileType = sourcecode.swift; path = SceneDelegate.swift; sourceTree = "<group>"; };
		EA7C9302281A26E700D931DA /* LoginViewController.swift */ = {isa = PBXFileReference; lastKnownFileType = sourcecode.swift; path = LoginViewController.swift; sourceTree = "<group>"; };
		EA7C9305281A26E700D931DA /* Base */ = {isa = PBXFileReference; lastKnownFileType = file.storyboard; name = Base; path = Base.lproj/Main.storyboard; sourceTree = "<group>"; };
		EA7C9307281A26E900D931DA /* Assets.xcassets */ = {isa = PBXFileReference; lastKnownFileType = folder.assetcatalog; path = Assets.xcassets; sourceTree = "<group>"; };
		EA7C930A281A26E900D931DA /* Base */ = {isa = PBXFileReference; lastKnownFileType = file.storyboard; name = Base; path = Base.lproj/LaunchScreen.storyboard; sourceTree = "<group>"; };
		EA7C930C281A26E900D931DA /* Info.plist */ = {isa = PBXFileReference; lastKnownFileType = text.plist.xml; path = Info.plist; sourceTree = "<group>"; };
		EA7C9312281A2FB000D931DA /* GoogleService-Info.plist */ = {isa = PBXFileReference; lastKnownFileType = text.plist; path = "GoogleService-Info.plist"; sourceTree = SOURCE_ROOT; };
		EA7C9314281A3ED500D931DA /* AboutViewController.swift */ = {isa = PBXFileReference; lastKnownFileType = sourcecode.swift; path = AboutViewController.swift; sourceTree = "<group>"; };
		EA7C9316281A445600D931DA /* MainViewController.swift */ = {isa = PBXFileReference; lastKnownFileType = sourcecode.swift; path = MainViewController.swift; sourceTree = "<group>"; };
		EA7C9318281A48BA00D931DA /* WineViewController.swift */ = {isa = PBXFileReference; lastKnownFileType = sourcecode.swift; path = WineViewController.swift; sourceTree = "<group>"; };
		EA7C931A281A499900D931DA /* BeerViewController.swift */ = {isa = PBXFileReference; lastKnownFileType = sourcecode.swift; path = BeerViewController.swift; sourceTree = "<group>"; };
		EA7C931C281A4D6F00D931DA /* MixedDrinkViewController.swift */ = {isa = PBXFileReference; lastKnownFileType = sourcecode.swift; path = MixedDrinkViewController.swift; sourceTree = "<group>"; };
		EA7C931E281B0B1700D931DA /* BreweryViewController.swift */ = {isa = PBXFileReference; lastKnownFileType = sourcecode.swift; path = BreweryViewController.swift; sourceTree = "<group>"; };
		EA7C9320281B0F5E00D931DA /* Breweries.swift */ = {isa = PBXFileReference; lastKnownFileType = sourcecode.swift; path = Breweries.swift; sourceTree = "<group>"; };
		EA7C9322281B0F9B00D931DA /* Brewery.swift */ = {isa = PBXFileReference; lastKnownFileType = sourcecode.swift; path = Brewery.swift; sourceTree = "<group>"; };
		EA7C9324281B4E9E00D931DA /* StateBrewery.swift */ = {isa = PBXFileReference; lastKnownFileType = sourcecode.swift; path = StateBrewery.swift; sourceTree = "<group>"; };
		EA7C9326281B62CD00D931DA /* BreweryDetailViewController.swift */ = {isa = PBXFileReference; lastKnownFileType = sourcecode.swift; path = BreweryDetailViewController.swift; sourceTree = "<group>"; };
		EA7C932A281B9D0E00D931DA /* SampleBeerViewController.swift */ = {isa = PBXFileReference; lastKnownFileType = sourcecode.swift; path = SampleBeerViewController.swift; sourceTree = "<group>"; };
		EA7C932C281B9EFB00D931DA /* SampleBeers.swift */ = {isa = PBXFileReference; lastKnownFileType = sourcecode.swift; path = SampleBeers.swift; sourceTree = "<group>"; };
		EA7C932E281B9F6000D931DA /* samplebeersStruct.swift */ = {isa = PBXFileReference; lastKnownFileType = sourcecode.swift; path = samplebeersStruct.swift; sourceTree = "<group>"; };
		EA7C9336281C426300D931DA /* DetailSampleBeerViewController.swift */ = {isa = PBXFileReference; lastKnownFileType = sourcecode.swift; path = DetailSampleBeerViewController.swift; sourceTree = "<group>"; };
		EA7C933A281C6CA200D931DA /* BeerReviewViewController.swift */ = {isa = PBXFileReference; lastKnownFileType = sourcecode.swift; path = BeerReviewViewController.swift; sourceTree = "<group>"; };
		EAC49331281F6F3C00C6C179 /* BreweryDetailTableViewController.swift */ = {isa = PBXFileReference; lastKnownFileType = sourcecode.swift; path = BreweryDetailTableViewController.swift; sourceTree = "<group>"; };
		EAC49333281F704200C6C179 /* Team.swift */ = {isa = PBXFileReference; lastKnownFileType = sourcecode.swift; path = Team.swift; sourceTree = "<group>"; };
		EAC49335281F7BAB00C6C179 /* Teams.swift */ = {isa = PBXFileReference; lastKnownFileType = sourcecode.swift; path = Teams.swift; sourceTree = "<group>"; };
		EAC49337281F9AA800C6C179 /* VenueListViewController.swift */ = {isa = PBXFileReference; lastKnownFileType = sourcecode.swift; path = VenueListViewController.swift; sourceTree = "<group>"; };
		EAC49339281F9DD000C6C179 /* VenueDetailTableViewController.swift */ = {isa = PBXFileReference; lastKnownFileType = sourcecode.swift; path = VenueDetailTableViewController.swift; sourceTree = "<group>"; };
		EAC4933B281FA16000C6C179 /* Venue.swift */ = {isa = PBXFileReference; lastKnownFileType = sourcecode.swift; path = Venue.swift; sourceTree = "<group>"; };
		EAC4933D281FA82E00C6C179 /* Venues.swift */ = {isa = PBXFileReference; lastKnownFileType = sourcecode.swift; path = Venues.swift; sourceTree = "<group>"; };
/* End PBXFileReference section */

/* Begin PBXFrameworksBuildPhase section */
		EA7C92F8281A26E700D931DA /* Frameworks */ = {
			isa = PBXFrameworksBuildPhase;
			buildActionMask = 2147483647;
			files = (
				B758BA97311F9DB3AF88FB93 /* Pods_NAVE4.framework in Frameworks */,
			);
			runOnlyForDeploymentPostprocessing = 0;
		};
/* End PBXFrameworksBuildPhase section */

/* Begin PBXGroup section */
		8BBC9DC5B621886D05A6C8A4 /* Frameworks */ = {
			isa = PBXGroup;
			children = (
				A8FCF1AE17CE4151B232E8BF /* Pods_NAVE4.framework */,
			);
			name = Frameworks;
			sourceTree = "<group>";
		};
		A5853CDDF35DD236EB4D2F04 /* Pods */ = {
			isa = PBXGroup;
			children = (
				3BC9A99D2BAE815CDB3B80CC /* Pods-NAVE4.debug.xcconfig */,
				B14F7D0D3DFDF80AE410EA44 /* Pods-NAVE4.release.xcconfig */,
			);
			path = Pods;
			sourceTree = "<group>";
		};
		EA7C92F2281A26E700D931DA = {
			isa = PBXGroup;
			children = (
				EA7C92FD281A26E700D931DA /* NAVE4 */,
				EA7C92FC281A26E700D931DA /* Products */,
				A5853CDDF35DD236EB4D2F04 /* Pods */,
				8BBC9DC5B621886D05A6C8A4 /* Frameworks */,
			);
			sourceTree = "<group>";
		};
		EA7C92FC281A26E700D931DA /* Products */ = {
			isa = PBXGroup;
			children = (
				EA7C92FB281A26E700D931DA /* NAVE4.app */,
			);
			name = Products;
			sourceTree = "<group>";
		};
		EA7C92FD281A26E700D931DA /* NAVE4 */ = {
			isa = PBXGroup;
			children = (
				EA7C92FE281A26E700D931DA /* AppDelegate.swift */,
				EA7C9300281A26E700D931DA /* SceneDelegate.swift */,
				EA7C9302281A26E700D931DA /* LoginViewController.swift */,
				EA7C9304281A26E700D931DA /* Main.storyboard */,
				EAC49339281F9DD000C6C179 /* VenueDetailTableViewController.swift */,
				EAC4933B281FA16000C6C179 /* Venue.swift */,
				EAC4933D281FA82E00C6C179 /* Venues.swift */,
				EAC49337281F9AA800C6C179 /* VenueListViewController.swift */,
				EA7C9326281B62CD00D931DA /* BreweryDetailViewController.swift */,
				EAC49333281F704200C6C179 /* Team.swift */,
				EAC49335281F7BAB00C6C179 /* Teams.swift */,
				EAC49331281F6F3C00C6C179 /* BreweryDetailTableViewController.swift */,
				EA7C933A281C6CA200D931DA /* BeerReviewViewController.swift */,
				EA7C9318281A48BA00D931DA /* WineViewController.swift */,
				EA7C932A281B9D0E00D931DA /* SampleBeerViewController.swift */,
				EA7C9336281C426300D931DA /* DetailSampleBeerViewController.swift */,
				EA7C931A281A499900D931DA /* BeerViewController.swift */,
				EA7C931E281B0B1700D931DA /* BreweryViewController.swift */,
				EA7C932C281B9EFB00D931DA /* SampleBeers.swift */,
				EA7C932E281B9F6000D931DA /* samplebeersStruct.swift */,
				EA7C9320281B0F5E00D931DA /* Breweries.swift */,
				EA7C9322281B0F9B00D931DA /* Brewery.swift */,
				EA7C9324281B4E9E00D931DA /* StateBrewery.swift */,
				EA7C9316281A445600D931DA /* MainViewController.swift */,
				EA7C931C281A4D6F00D931DA /* MixedDrinkViewController.swift */,
				EA7C9314281A3ED500D931DA /* AboutViewController.swift */,
				EA7C9307281A26E900D931DA /* Assets.xcassets */,
				EA7C9309281A26E900D931DA /* LaunchScreen.storyboard */,
				EA7C930C281A26E900D931DA /* Info.plist */,
				EA7C9312281A2FB000D931DA /* GoogleService-Info.plist */,
			);
			path = NAVE4;
			sourceTree = "<group>";
		};
/* End PBXGroup section */

/* Begin PBXNativeTarget section */
		EA7C92FA281A26E700D931DA /* NAVE4 */ = {
			isa = PBXNativeTarget;
			buildConfigurationList = EA7C930F281A26E900D931DA /* Build configuration list for PBXNativeTarget "NAVE4" */;
			buildPhases = (
				D7719F21258335DBA698D8A6 /* [CP] Check Pods Manifest.lock */,
				EA7C92F7281A26E700D931DA /* Sources */,
				EA7C92F8281A26E700D931DA /* Frameworks */,
				EA7C92F9281A26E700D931DA /* Resources */,
				D0CD26CC5E7B168CC30E3809 /* [CP] Embed Pods Frameworks */,
				0E31EADE861C292111D46CC7 /* [CP] Copy Pods Resources */,
			);
			buildRules = (
			);
			dependencies = (
			);
			name = NAVE4;
			productName = NAVE4;
			productReference = EA7C92FB281A26E700D931DA /* NAVE4.app */;
			productType = "com.apple.product-type.application";
		};
/* End PBXNativeTarget section */

/* Begin PBXProject section */
		EA7C92F3281A26E700D931DA /* Project object */ = {
			isa = PBXProject;
			attributes = {
				BuildIndependentTargetsInParallel = 1;
				LastSwiftUpdateCheck = 1320;
				LastUpgradeCheck = 1320;
				TargetAttributes = {
					EA7C92FA281A26E700D931DA = {
						CreatedOnToolsVersion = 13.2.1;
					};
				};
			};
			buildConfigurationList = EA7C92F6281A26E700D931DA /* Build configuration list for PBXProject "NAVE4" */;
			compatibilityVersion = "Xcode 13.0";
			developmentRegion = en;
			hasScannedForEncodings = 0;
			knownRegions = (
				en,
				Base,
			);
			mainGroup = EA7C92F2281A26E700D931DA;
			productRefGroup = EA7C92FC281A26E700D931DA /* Products */;
			projectDirPath = "";
			projectRoot = "";
			targets = (
				EA7C92FA281A26E700D931DA /* NAVE4 */,
			);
		};
/* End PBXProject section */

/* Begin PBXResourcesBuildPhase section */
		EA7C92F9281A26E700D931DA /* Resources */ = {
			isa = PBXResourcesBuildPhase;
			buildActionMask = 2147483647;
			files = (
				EA7C930B281A26E900D931DA /* LaunchScreen.storyboard in Resources */,
				EA7C9313281A2FB100D931DA /* GoogleService-Info.plist in Resources */,
				EA7C9308281A26E900D931DA /* Assets.xcassets in Resources */,
				EA7C9306281A26E700D931DA /* Main.storyboard in Resources */,
			);
			runOnlyForDeploymentPostprocessing = 0;
		};
/* End PBXResourcesBuildPhase section */

/* Begin PBXShellScriptBuildPhase section */
		0E31EADE861C292111D46CC7 /* [CP] Copy Pods Resources */ = {
			isa = PBXShellScriptBuildPhase;
			buildActionMask = 2147483647;
			files = (
			);
			inputFileListPaths = (
				"${PODS_ROOT}/Target Support Files/Pods-NAVE4/Pods-NAVE4-resources-${CONFIGURATION}-input-files.xcfilelist",
			);
			name = "[CP] Copy Pods Resources";
			outputFileListPaths = (
				"${PODS_ROOT}/Target Support Files/Pods-NAVE4/Pods-NAVE4-resources-${CONFIGURATION}-output-files.xcfilelist",
			);
			runOnlyForDeploymentPostprocessing = 0;
			shellPath = /bin/sh;
			shellScript = "\"${PODS_ROOT}/Target Support Files/Pods-NAVE4/Pods-NAVE4-resources.sh\"\n";
			showEnvVarsInLog = 0;
		};
		D0CD26CC5E7B168CC30E3809 /* [CP] Embed Pods Frameworks */ = {
			isa = PBXShellScriptBuildPhase;
			buildActionMask = 2147483647;
			files = (
			);
			inputFileListPaths = (
				"${PODS_ROOT}/Target Support Files/Pods-NAVE4/Pods-NAVE4-frameworks-${CONFIGURATION}-input-files.xcfilelist",
			);
			name = "[CP] Embed Pods Frameworks";
			outputFileListPaths = (
				"${PODS_ROOT}/Target Support Files/Pods-NAVE4/Pods-NAVE4-frameworks-${CONFIGURATION}-output-files.xcfilelist",
			);
			runOnlyForDeploymentPostprocessing = 0;
			shellPath = /bin/sh;
			shellScript = "\"${PODS_ROOT}/Target Support Files/Pods-NAVE4/Pods-NAVE4-frameworks.sh\"\n";
			showEnvVarsInLog = 0;
		};
		D7719F21258335DBA698D8A6 /* [CP] Check Pods Manifest.lock */ = {
			isa = PBXShellScriptBuildPhase;
			buildActionMask = 2147483647;
			files = (
			);
			inputFileListPaths = (
			);
			inputPaths = (
				"${PODS_PODFILE_DIR_PATH}/Podfile.lock",
				"${PODS_ROOT}/Manifest.lock",
			);
			name = "[CP] Check Pods Manifest.lock";
			outputFileListPaths = (
			);
			outputPaths = (
				"$(DERIVED_FILE_DIR)/Pods-NAVE4-checkManifestLockResult.txt",
			);
			runOnlyForDeploymentPostprocessing = 0;
			shellPath = /bin/sh;
			shellScript = "diff \"${PODS_PODFILE_DIR_PATH}/Podfile.lock\" \"${PODS_ROOT}/Manifest.lock\" > /dev/null\nif [ $? != 0 ] ; then\n    # print error to STDERR\n    echo \"error: The sandbox is not in sync with the Podfile.lock. Run 'pod install' or update your CocoaPods installation.\" >&2\n    exit 1\nfi\n# This output is used by Xcode 'outputs' to avoid re-running this script phase.\necho \"SUCCESS\" > \"${SCRIPT_OUTPUT_FILE_0}\"\n";
			showEnvVarsInLog = 0;
		};
/* End PBXShellScriptBuildPhase section */

/* Begin PBXSourcesBuildPhase section */
		EA7C92F7281A26E700D931DA /* Sources */ = {
			isa = PBXSourcesBuildPhase;
			buildActionMask = 2147483647;
			files = (
				EAC49336281F7BAB00C6C179 /* Teams.swift in Sources */,
				EAC4933C281FA16000C6C179 /* Venue.swift in Sources */,
				EA7C9303281A26E700D931DA /* LoginViewController.swift in Sources */,
				EA7C92FF281A26E700D931DA /* AppDelegate.swift in Sources */,
				EA7C931B281A499900D931DA /* BeerViewController.swift in Sources */,
				EA7C931F281B0B1700D931DA /* BreweryViewController.swift in Sources */,
				EA7C9315281A3ED500D931DA /* AboutViewController.swift in Sources */,
				EA7C9337281C426400D931DA /* DetailSampleBeerViewController.swift in Sources */,
				EA7C932F281B9F6000D931DA /* samplebeersStruct.swift in Sources */,
				EAC49332281F6F3C00C6C179 /* BreweryDetailTableViewController.swift in Sources */,
				EA7C9319281A48BA00D931DA /* WineViewController.swift in Sources */,
				EA7C9325281B4E9E00D931DA /* StateBrewery.swift in Sources */,
				EA7C9301281A26E700D931DA /* SceneDelegate.swift in Sources */,
				EA7C9317281A445600D931DA /* MainViewController.swift in Sources */,
				EA7C9321281B0F5F00D931DA /* Breweries.swift in Sources */,
				EA7C932B281B9D0E00D931DA /* SampleBeerViewController.swift in Sources */,
				EA7C931D281A4D6F00D931DA /* MixedDrinkViewController.swift in Sources */,
				EAC49338281F9AA800C6C179 /* VenueListViewController.swift in Sources */,
				EAC4933E281FA82E00C6C179 /* Venues.swift in Sources */,
				EA7C9327281B62CD00D931DA /* BreweryDetailViewController.swift in Sources */,
				EAC49334281F704300C6C179 /* Team.swift in Sources */,
				EA7C9323281B0F9B00D931DA /* Brewery.swift in Sources */,
				EA7C933B281C6CA200D931DA /* BeerReviewViewController.swift in Sources */,
				EA7C932D281B9EFB00D931DA /* SampleBeers.swift in Sources */,
				EAC4933A281F9DD000C6C179 /* VenueDetailTableViewController.swift in Sources */,
			);
			runOnlyForDeploymentPostprocessing = 0;
		};
/* End PBXSourcesBuildPhase section */

/* Begin PBXVariantGroup section */
		EA7C9304281A26E700D931DA /* Main.storyboard */ = {
			isa = PBXVariantGroup;
			children = (
				EA7C9305281A26E700D931DA /* Base */,
			);
			name = Main.storyboard;
			sourceTree = "<group>";
		};
		EA7C9309281A26E900D931DA /* LaunchScreen.storyboard */ = {
			isa = PBXVariantGroup;
			children = (
				EA7C930A281A26E900D931DA /* Base */,
			);
			name = LaunchScreen.storyboard;
			sourceTree = "<group>";
		};
/* End PBXVariantGroup section */

/* Begin XCBuildConfiguration section */
		EA7C930D281A26E900D931DA /* Debug */ = {
			isa = XCBuildConfiguration;
			buildSettings = {
				ALWAYS_SEARCH_USER_PATHS = NO;
				CLANG_ANALYZER_NONNULL = YES;
				CLANG_ANALYZER_NUMBER_OBJECT_CONVERSION = YES_AGGRESSIVE;
				CLANG_CXX_LANGUAGE_STANDARD = "gnu++17";
				CLANG_CXX_LIBRARY = "libc++";
				CLANG_ENABLE_MODULES = YES;
				CLANG_ENABLE_OBJC_ARC = YES;
				CLANG_ENABLE_OBJC_WEAK = YES;
				CLANG_WARN_BLOCK_CAPTURE_AUTORELEASING = YES;
				CLANG_WARN_BOOL_CONVERSION = YES;
				CLANG_WARN_COMMA = YES;
				CLANG_WARN_CONSTANT_CONVERSION = YES;
				CLANG_WARN_DEPRECATED_OBJC_IMPLEMENTATIONS = YES;
				CLANG_WARN_DIRECT_OBJC_ISA_USAGE = YES_ERROR;
				CLANG_WARN_DOCUMENTATION_COMMENTS = YES;
				CLANG_WARN_EMPTY_BODY = YES;
				CLANG_WARN_ENUM_CONVERSION = YES;
				CLANG_WARN_INFINITE_RECURSION = YES;
				CLANG_WARN_INT_CONVERSION = YES;
				CLANG_WARN_NON_LITERAL_NULL_CONVERSION = YES;
				CLANG_WARN_OBJC_IMPLICIT_RETAIN_SELF = YES;
				CLANG_WARN_OBJC_LITERAL_CONVERSION = YES;
				CLANG_WARN_OBJC_ROOT_CLASS = YES_ERROR;
				CLANG_WARN_QUOTED_INCLUDE_IN_FRAMEWORK_HEADER = YES;
				CLANG_WARN_RANGE_LOOP_ANALYSIS = YES;
				CLANG_WARN_STRICT_PROTOTYPES = YES;
				CLANG_WARN_SUSPICIOUS_MOVE = YES;
				CLANG_WARN_UNGUARDED_AVAILABILITY = YES_AGGRESSIVE;
				CLANG_WARN_UNREACHABLE_CODE = YES;
				CLANG_WARN__DUPLICATE_METHOD_MATCH = YES;
				COPY_PHASE_STRIP = NO;
				DEBUG_INFORMATION_FORMAT = dwarf;
				ENABLE_STRICT_OBJC_MSGSEND = YES;
				ENABLE_TESTABILITY = YES;
				GCC_C_LANGUAGE_STANDARD = gnu11;
				GCC_DYNAMIC_NO_PIC = NO;
				GCC_NO_COMMON_BLOCKS = YES;
				GCC_OPTIMIZATION_LEVEL = 0;
				GCC_PREPROCESSOR_DEFINITIONS = (
					"DEBUG=1",
					"$(inherited)",
				);
				GCC_WARN_64_TO_32_BIT_CONVERSION = YES;
				GCC_WARN_ABOUT_RETURN_TYPE = YES_ERROR;
				GCC_WARN_UNDECLARED_SELECTOR = YES;
				GCC_WARN_UNINITIALIZED_AUTOS = YES_AGGRESSIVE;
				GCC_WARN_UNUSED_FUNCTION = YES;
				GCC_WARN_UNUSED_VARIABLE = YES;
				IPHONEOS_DEPLOYMENT_TARGET = 15.2;
				MTL_ENABLE_DEBUG_INFO = INCLUDE_SOURCE;
				MTL_FAST_MATH = YES;
				ONLY_ACTIVE_ARCH = YES;
				SDKROOT = iphoneos;
				SWIFT_ACTIVE_COMPILATION_CONDITIONS = DEBUG;
				SWIFT_OPTIMIZATION_LEVEL = "-Onone";
			};
			name = Debug;
		};
		EA7C930E281A26E900D931DA /* Release */ = {
			isa = XCBuildConfiguration;
			buildSettings = {
				ALWAYS_SEARCH_USER_PATHS = NO;
				CLANG_ANALYZER_NONNULL = YES;
				CLANG_ANALYZER_NUMBER_OBJECT_CONVERSION = YES_AGGRESSIVE;
				CLANG_CXX_LANGUAGE_STANDARD = "gnu++17";
				CLANG_CXX_LIBRARY = "libc++";
				CLANG_ENABLE_MODULES = YES;
				CLANG_ENABLE_OBJC_ARC = YES;
				CLANG_ENABLE_OBJC_WEAK = YES;
				CLANG_WARN_BLOCK_CAPTURE_AUTORELEASING = YES;
				CLANG_WARN_BOOL_CONVERSION = YES;
				CLANG_WARN_COMMA = YES;
				CLANG_WARN_CONSTANT_CONVERSION = YES;
				CLANG_WARN_DEPRECATED_OBJC_IMPLEMENTATIONS = YES;
				CLANG_WARN_DIRECT_OBJC_ISA_USAGE = YES_ERROR;
				CLANG_WARN_DOCUMENTATION_COMMENTS = YES;
				CLANG_WARN_EMPTY_BODY = YES;
				CLANG_WARN_ENUM_CONVERSION = YES;
				CLANG_WARN_INFINITE_RECURSION = YES;
				CLANG_WARN_INT_CONVERSION = YES;
				CLANG_WARN_NON_LITERAL_NULL_CONVERSION = YES;
				CLANG_WARN_OBJC_IMPLICIT_RETAIN_SELF = YES;
				CLANG_WARN_OBJC_LITERAL_CONVERSION = YES;
				CLANG_WARN_OBJC_ROOT_CLASS = YES_ERROR;
				CLANG_WARN_QUOTED_INCLUDE_IN_FRAMEWORK_HEADER = YES;
				CLANG_WARN_RANGE_LOOP_ANALYSIS = YES;
				CLANG_WARN_STRICT_PROTOTYPES = YES;
				CLANG_WARN_SUSPICIOUS_MOVE = YES;
				CLANG_WARN_UNGUARDED_AVAILABILITY = YES_AGGRESSIVE;
				CLANG_WARN_UNREACHABLE_CODE = YES;
				CLANG_WARN__DUPLICATE_METHOD_MATCH = YES;
				COPY_PHASE_STRIP = NO;
				DEBUG_INFORMATION_FORMAT = "dwarf-with-dsym";
				ENABLE_NS_ASSERTIONS = NO;
				ENABLE_STRICT_OBJC_MSGSEND = YES;
				GCC_C_LANGUAGE_STANDARD = gnu11;
				GCC_NO_COMMON_BLOCKS = YES;
				GCC_WARN_64_TO_32_BIT_CONVERSION = YES;
				GCC_WARN_ABOUT_RETURN_TYPE = YES_ERROR;
				GCC_WARN_UNDECLARED_SELECTOR = YES;
				GCC_WARN_UNINITIALIZED_AUTOS = YES_AGGRESSIVE;
				GCC_WARN_UNUSED_FUNCTION = YES;
				GCC_WARN_UNUSED_VARIABLE = YES;
				IPHONEOS_DEPLOYMENT_TARGET = 15.2;
				MTL_ENABLE_DEBUG_INFO = NO;
				MTL_FAST_MATH = YES;
				SDKROOT = iphoneos;
				SWIFT_COMPILATION_MODE = wholemodule;
				SWIFT_OPTIMIZATION_LEVEL = "-O";
				VALIDATE_PRODUCT = YES;
			};
			name = Release;
		};
		EA7C9310281A26E900D931DA /* Debug */ = {
			isa = XCBuildConfiguration;
			baseConfigurationReference = 3BC9A99D2BAE815CDB3B80CC /* Pods-NAVE4.debug.xcconfig */;
			buildSettings = {
				ASSETCATALOG_COMPILER_APPICON_NAME = AppIcon;
				ASSETCATALOG_COMPILER_GLOBAL_ACCENT_COLOR_NAME = AccentColor;
				CODE_SIGN_STYLE = Automatic;
				CURRENT_PROJECT_VERSION = 1;
				DEVELOPMENT_TEAM = 36N3X4UYKT;
				GENERATE_INFOPLIST_FILE = YES;
				INFOPLIST_FILE = NAVE4/Info.plist;
				INFOPLIST_KEY_CFBundleDisplayName = NAVE;
				INFOPLIST_KEY_UIApplicationSupportsIndirectInputEvents = YES;
				INFOPLIST_KEY_UILaunchStoryboardName = LaunchScreen;
				INFOPLIST_KEY_UIMainStoryboardFile = Main;
				INFOPLIST_KEY_UISupportedInterfaceOrientations_iPad = "UIInterfaceOrientationPortrait UIInterfaceOrientationPortraitUpsideDown UIInterfaceOrientationLandscapeLeft UIInterfaceOrientationLandscapeRight";
				INFOPLIST_KEY_UISupportedInterfaceOrientations_iPhone = "UIInterfaceOrientationPortrait UIInterfaceOrientationLandscapeLeft UIInterfaceOrientationLandscapeRight";
				LD_RUNPATH_SEARCH_PATHS = (
					"$(inherited)",
					"@executable_path/Frameworks",
				);
				MARKETING_VERSION = 1.0;
				PRODUCT_BUNDLE_IDENTIFIER = "Evan-Sepe.NAVE4";
				PRODUCT_NAME = "$(TARGET_NAME)";
				SWIFT_EMIT_LOC_STRINGS = YES;
				SWIFT_VERSION = 5.0;
				TARGETED_DEVICE_FAMILY = "1,2";
			};
			name = Debug;
		};
		EA7C9311281A26E900D931DA /* Release */ = {
			isa = XCBuildConfiguration;
			baseConfigurationReference = B14F7D0D3DFDF80AE410EA44 /* Pods-NAVE4.release.xcconfig */;
			buildSettings = {
				ASSETCATALOG_COMPILER_APPICON_NAME = AppIcon;
				ASSETCATALOG_COMPILER_GLOBAL_ACCENT_COLOR_NAME = AccentColor;
				CODE_SIGN_STYLE = Automatic;
				CURRENT_PROJECT_VERSION = 1;
				DEVELOPMENT_TEAM = 36N3X4UYKT;
				GENERATE_INFOPLIST_FILE = YES;
				INFOPLIST_FILE = NAVE4/Info.plist;
				INFOPLIST_KEY_CFBundleDisplayName = NAVE;
				INFOPLIST_KEY_UIApplicationSupportsIndirectInputEvents = YES;
				INFOPLIST_KEY_UILaunchStoryboardName = LaunchScreen;
				INFOPLIST_KEY_UIMainStoryboardFile = Main;
				INFOPLIST_KEY_UISupportedInterfaceOrientations_iPad = "UIInterfaceOrientationPortrait UIInterfaceOrientationPortraitUpsideDown UIInterfaceOrientationLandscapeLeft UIInterfaceOrientationLandscapeRight";
				INFOPLIST_KEY_UISupportedInterfaceOrientations_iPhone = "UIInterfaceOrientationPortrait UIInterfaceOrientationLandscapeLeft UIInterfaceOrientationLandscapeRight";
				LD_RUNPATH_SEARCH_PATHS = (
					"$(inherited)",
					"@executable_path/Frameworks",
				);
				MARKETING_VERSION = 1.0;
				PRODUCT_BUNDLE_IDENTIFIER = "Evan-Sepe.NAVE4";
				PRODUCT_NAME = "$(TARGET_NAME)";
				SWIFT_EMIT_LOC_STRINGS = YES;
				SWIFT_VERSION = 5.0;
				TARGETED_DEVICE_FAMILY = "1,2";
			};
			name = Release;
		};
/* End XCBuildConfiguration section */

/* Begin XCConfigurationList section */
		EA7C92F6281A26E700D931DA /* Build configuration list for PBXProject "NAVE4" */ = {
			isa = XCConfigurationList;
			buildConfigurations = (
				EA7C930D281A26E900D931DA /* Debug */,
				EA7C930E281A26E900D931DA /* Release */,
			);
			defaultConfigurationIsVisible = 0;
			defaultConfigurationName = Release;
		};
		EA7C930F281A26E900D931DA /* Build configuration list for PBXNativeTarget "NAVE4" */ = {
			isa = XCConfigurationList;
			buildConfigurations = (
				EA7C9310281A26E900D931DA /* Debug */,
				EA7C9311281A26E900D931DA /* Release */,
			);
			defaultConfigurationIsVisible = 0;
			defaultConfigurationName = Release;
		};
/* End XCConfigurationList section */
	};
	rootObject = EA7C92F3281A26E700D931DA /* Project object */;
}
